Microsoft Visual Studio Solution File, Format Version 11.00
# Visual Studio 2012
Project("{DEE96019-6A09-78D8-6747-E7D772DB0CA9}") = "softSynthesizerProject2", "softSynthesizerProject2.vcxproj", "{63D6FAC0-4B82-F1FE-4B65-A50A1BA4F7D9}"
EndProject
Global
	GlobalSection(SolutionConfigurationPlatforms) = preSolution
		Debug|Win32 = Debug|Win32
		Release|Win32 = Release|Win32
	EndGlobalSection
	GlobalSection(ProjectConfigurationPlatforms) = postSolution
		{63D6FAC0-4B82-F1FE-4B65-A50A1BA4F7D9}.Debug|Win32.ActiveCfg = Debug|Win32
		{63D6FAC0-4B82-F1FE-4B65-A50A1BA4F7D9}.Debug|Win32.Build.0 = Debug|Win32
		{63D6FAC0-4B82-F1FE-4B65-A50A1BA4F7D9}.Release|Win32.ActiveCfg = Release|Win32
		{63D6FAC0-4B82-F1FE-4B65-A50A1BA4F7D9}.Release|Win32.Build.0 = Release|Win32
	EndGlobalSection
	GlobalSection(SolutionProperties) = preSolution
		HideSolutionNode = FALSE
	EndGlobalSection
EndGlobal
